{
  "name": "nibbana-koa-middleware",
  "version": "0.0.1",
  "lockfileVersion": 1,
  "requires": true,
  "dependencies": {
    "@types/accepts": {
      "version": "1.3.2",
      "resolved": "https://registry.npmjs.org/@types/accepts/-/accepts-1.3.2.tgz",
      "integrity": "sha1-Uol61aUfBeovV/joE2CFx9HDhaU=",
      "dev": true
    },
    "@types/connect": {
      "version": "3.4.31",
      "resolved": "https://registry.npmjs.org/@types/connect/-/connect-3.4.31.tgz",
      "integrity": "sha512-OPSxsP6XqA3984KWDUXq/u05Hu8VWa/2rUVlw/aDUOx87BptIep6xb3NdCxCpKLfLdjZcCE5jR+gouTul3gjdA==",
      "dev": true,
      "requires": {
        "@types/node": "8.0.25"
      }
    },
    "@types/cookies": {
      "version": "0.7.0",
      "resolved": "https://registry.npmjs.org/@types/cookies/-/cookies-0.7.0.tgz",
      "integrity": "sha512-lbLe3uddY92a2Zcd8GzJUhTwN5bxNGw//ew6PyTfeoQ87OuT/CJVJpdtttEBPMG/v9FG6vBjfQQRwicOKfvVFg==",
      "dev": true,
      "requires": {
        "@types/connect": "3.4.31",
        "@types/express": "4.0.37",
        "@types/keygrip": "1.0.1",
        "@types/node": "8.0.25"
      }
    },
    "@types/express": {
      "version": "4.0.37",
      "resolved": "https://registry.npmjs.org/@types/express/-/express-4.0.37.tgz",
      "integrity": "sha512-tIULTLzQpFFs5/PKnFIAFOsXQxss76glppbVKR3/jddPK26SBsD5HF5grn5G2jOGtpRWSBvYmDYoduVv+3wOXg==",
      "dev": true,
      "requires": {
        "@types/express-serve-static-core": "4.0.50",
        "@types/serve-static": "1.7.32"
      }
    },
    "@types/express-serve-static-core": {
      "version": "4.0.50",
      "resolved": "https://registry.npmjs.org/@types/express-serve-static-core/-/express-serve-static-core-4.0.50.tgz",
      "integrity": "sha512-0n1YgeUfZEIaMMu82LuOFIFDyMtFtcEP0yjQKihJlNjpCiygDVri7C26DC7jaUOwFXL6ZU2x4tGtNYNEgeO3tw==",
      "dev": true,
      "requires": {
        "@types/node": "8.0.25"
      }
    },
    "@types/http-assert": {
      "version": "1.2.0",
      "resolved": "https://registry.npmjs.org/@types/http-assert/-/http-assert-1.2.0.tgz",
      "integrity": "sha1-C4KZMDbobG/ylE4DO3O1foXM3Ks=",
      "dev": true
    },
    "@types/keygrip": {
      "version": "1.0.1",
      "resolved": "https://registry.npmjs.org/@types/keygrip/-/keygrip-1.0.1.tgz",
      "integrity": "sha1-/1QEYtL7TQqIRBzq8n0oewHD2Hg=",
      "dev": true
    },
    "@types/koa": {
      "version": "2.0.39",
      "resolved": "https://registry.npmjs.org/@types/koa/-/koa-2.0.39.tgz",
      "integrity": "sha1-RboSSdiEm5sP+MHW0vgLCDi4n/o=",
      "dev": true,
      "requires": {
        "@types/accepts": "1.3.2",
        "@types/cookies": "0.7.0",
        "@types/http-assert": "1.2.0",
        "@types/keygrip": "1.0.1",
        "@types/koa-compose": "3.2.2",
        "@types/node": "8.0.25"
      }
    },
    "@types/koa-compose": {
      "version": "3.2.2",
      "resolved": "https://registry.npmjs.org/@types/koa-compose/-/koa-compose-3.2.2.tgz",
      "integrity": "sha1-3BBuAAu/kqOskA91bfRzRIh+6Ec=",
      "dev": true
    },
    "@types/mime": {
      "version": "1.3.1",
      "resolved": "https://registry.npmjs.org/@types/mime/-/mime-1.3.1.tgz",
      "integrity": "sha512-rek8twk9C58gHYqIrUlJsx8NQMhlxqHzln9Z9ODqiNgv3/s+ZwIrfr+djqzsnVM12xe9hL98iJ20lj2RvCBv6A==",
      "dev": true
    },
    "@types/node": {
      "version": "8.0.25",
      "resolved": "https://registry.npmjs.org/@types/node/-/node-8.0.25.tgz",
      "integrity": "sha512-zT+t9841g1HsjLtPMCYxmb1U4pcZ2TOegAKiomlmj6bIziuaEYHUavxLE9NRwdntY0vOCrgHho6OXjDX7fm/Kw==",
      "dev": true
    },
    "@types/serve-static": {
      "version": "1.7.32",
      "resolved": "https://registry.npmjs.org/@types/serve-static/-/serve-static-1.7.32.tgz",
      "integrity": "sha512-WpI0g7M1FiOmJ/a97Qrjafq2I938tjAZ3hZr9O7sXyA6oUhH3bqUNZIt7r1KZg8TQAKxcvxt6JjQ5XuLfIBFvg==",
      "dev": true,
      "requires": {
        "@types/express-serve-static-core": "4.0.50",
        "@types/mime": "1.3.1"
      }
    },
    "nibbana-types": {
      "version": "0.0.2",
      "resolved": "https://registry.npmjs.org/nibbana-types/-/nibbana-types-0.0.2.tgz",
      "integrity": "sha512-SnFJfYE8T+OqHiD6WzvIraOhxoQXwp+0SZX3pdtBfory9/ktG10Gmet9aamNAiQKvTKm0KsIOiLVlbgwXkmpYw==",
      "dev": true
    },
    "typescript": {
      "version": "2.4.2",
      "resolved": "https://registry.npmjs.org/typescript/-/typescript-2.4.2.tgz",
      "integrity": "sha1-+DlfhdRZJ2BnyYiqQYN6j4KHCEQ="
    }
  }
}
